
Microsoft Visual Studio Solution File, Format Version 12.00
# Visual Studio Version 17
VisualStudioVersion = 17.11.35327.3
MinimumVisualStudioVersion = 10.0.40219.1
Project("{FAE04EC0-301F-11D3-BF4B-00C04F79EFBC}") = "SampleSolution", "SampleSolution\SampleSolution.csproj", "{A9CD7C38-9366-4CC2-87A8-07A8325751DF}"
EndProject
Global
	GlobalSection(SolutionConfigurationPlatforms) = preSolution
		Debug|Any CPU = Debug|Any CPU
		Release|Any CPU = Release|Any CPU
	EndGlobalSection
	GlobalSection(ProjectConfigurationPlatforms) = postSolution
		{A9CD7C38-9366-4CC2-87A8-07A8325751DF}.Debug|Any CPU.ActiveCfg = Debug|Any CPU
		{A9CD7C38-9366-4CC2-87A8-07A8325751DF}.Debug|Any CPU.Build.0 = Debug|Any CPU
		{A9CD7C38-9366-4CC2-87A8-07A8325751DF}.Release|Any CPU.ActiveCfg = Release|Any CPU
		{A9CD7C38-9366-4CC2-87A8-07A8325751DF}.Release|Any CPU.Build.0 = Release|Any CPU
	EndGlobalSection
	GlobalSection(SolutionProperties) = preSolution
		HideSolutionNode = FALSE
	EndGlobalSection
	GlobalSection(ExtensibilityGlobals) = postSolution
		SolutionGuid = {1CB448FF-B142-4D0B-BDD3-C1E3D0CBF3A4}
	EndGlobalSection
EndGlobal
